
Microsoft Visual Studio Solution File, Format Version 12.00
# Visual Studio Version 17
VisualStudioVersion = 17.14.36616.10
MinimumVisualStudioVersion = 10.0.40219.1
Project("{FAE04EC0-301F-11D3-BF4B-00C04F79EFBC}") = "MS Automation", "MS Automation.csproj", "{0D662789-8F4C-4FDC-91AD-7826630A56CF}"
EndProject
Global
	GlobalSection(SolutionConfigurationPlatforms) = preSolution
		Debug|Any CPU = Debug|Any CPU
		Release|Any CPU = Release|Any CPU
	EndGlobalSection
	GlobalSection(ProjectConfigurationPlatforms) = postSolution
		{0D662789-8F4C-4FDC-91AD-7826630A56CF}.Debug|Any CPU.ActiveCfg = Debug|Any CPU
		{0D662789-8F4C-4FDC-91AD-7826630A56CF}.Debug|Any CPU.Build.0 = Debug|Any CPU
		{0D662789-8F4C-4FDC-91AD-7826630A56CF}.Release|Any CPU.ActiveCfg = Release|Any CPU
		{0D662789-8F4C-4FDC-91AD-7826630A56CF}.Release|Any CPU.Build.0 = Release|Any CPU
	EndGlobalSection
	GlobalSection(SolutionProperties) = preSolution
		HideSolutionNode = FALSE
	EndGlobalSection
	GlobalSection(ExtensibilityGlobals) = postSolution
		SolutionGuid = {D33F9952-8B54-4776-81C2-DF1ACA83BA89}
	EndGlobalSection
EndGlobal
